
Microsoft Visual Studio Solution File, Format Version 12.00
# Visual Studio Version 17
VisualStudioVersion = 17.9.34728.123
MinimumVisualStudioVersion = 10.0.40219.1
Project("{9A19103F-16F7-4668-BE54-9A1E7A4F7556}") = "SharedLib", "SharedLib\SharedLib.csproj", "{E8B758F1-FDF8-44E6-B04F-2912DC238238}"
EndProject
Project("{9A19103F-16F7-4668-BE54-9A1E7A4F7556}") = "ServerLib", "ServerLib\ServerLib.csproj", "{F3DED3A4-1D8A-41FF-B72E-511B7C5B345D}"
EndProject
Project("{9A19103F-16F7-4668-BE54-9A1E7A4F7556}") = "BlazorLib", "BlazorLib\BlazorLib.csproj", "{E13B2109-1772-4910-A60C-653C82CC0708}"
EndProject
Project("{2150E333-8FDC-42A3-9474-1A3956D46DE8}") = "db", "db", "{E04CC5BC-B3BE-4B56-B9B6-AC6CCEA84869}"
	ProjectSection(SolutionItems) = preProject
		DBContextLibs\README.md = DBContextLibs\README.md
	EndProjectSection
EndProject
Project("{2150E333-8FDC-42A3-9474-1A3956D46DE8}") = "libs", "libs", "{A742CC61-7E6F-472B-AAA9-0F34B1375CF2}"
EndProject
Project("{2150E333-8FDC-42A3-9474-1A3956D46DE8}") = "drivers", "drivers", "{C3E40450-DE03-48A7-A64C-DCD057EB5855}"
EndProject
Project("{9A19103F-16F7-4668-BE54-9A1E7A4F7556}") = "DbMySQLLib", "DBContextLibs\DbMySQLLib\DbMySQLLib.csproj", "{32C27EE1-BA3D-4F97-8B3A-B81E57337460}"
EndProject
Project("{9A19103F-16F7-4668-BE54-9A1E7A4F7556}") = "DbPostgreLib", "DBContextLibs\DbPostgreLib\DbPostgreLib.csproj", "{A5AEC9D8-C5D8-4928-B009-48441612C9CF}"
EndProject
Project("{9A19103F-16F7-4668-BE54-9A1E7A4F7556}") = "DbSqliteLib", "DBContextLibs\DbSqliteLib\DbSqliteLib.csproj", "{A9674BF1-E0C3-4BB0-B52D-6D328794FC0A}"
EndProject
Project("{9A19103F-16F7-4668-BE54-9A1E7A4F7556}") = "DbLayerLib", "DBContextLibs\DbLayerLib\DbLayerLib.csproj", "{71147B04-97A2-4357-9878-56A4ABCE5833}"
EndProject
Project("{2150E333-8FDC-42A3-9474-1A3956D46DE8}") = "Solution Items", "Solution Items", "{13C283FD-FD28-4E44-9F5F-4B3CC1FEF8EB}"
	ProjectSection(SolutionItems) = preProject
		.gitignore = .gitignore
		CONTACT.md = CONTACT.md
		LICENSE = LICENSE
		README.md = README.md
		TERMS.md = TERMS.md
	EndProjectSection
EndProject
Project("{2150E333-8FDC-42A3-9474-1A3956D46DE8}") = "devops", "devops", "{3A274B5F-119F-42F2-8196-25F7ABADDFBD}"
	ProjectSection(SolutionItems) = preProject
		devops\build-win.ps1 = devops\build-win.ps1
		devops\docker-compose.yml = devops\docker-compose.yml
		devops\dumps.sh = devops\dumps.sh
		devops\nlog-db-create.sql = devops\nlog-db-create.sql
		devops\prod-builds.update.sh = devops\prod-builds.update.sh
		devops\readme.stage.txt = devops\readme.stage.txt
		devops\readme.txt = devops\readme.txt
		devops\stage-builds.update.sh = devops\stage-builds.update.sh
	EndProjectSection
EndProject
Project("{2150E333-8FDC-42A3-9474-1A3956D46DE8}") = "etc", "etc", "{9C0D49D9-C7B9-4960-AF82-361448F4965A}"
EndProject
Project("{2150E333-8FDC-42A3-9474-1A3956D46DE8}") = "nginx", "nginx", "{A7D9597F-4160-4A52-ADBD-078CFB815FA7}"
EndProject
Project("{2150E333-8FDC-42A3-9474-1A3956D46DE8}") = "systemd", "systemd", "{5B966126-26F6-4699-92C7-1F1A582A7EE3}"
	ProjectSection(SolutionItems) = preProject
		devops\etc\systemd\system\docker-compose-app.service = devops\etc\systemd\system\docker-compose-app.service
	EndProjectSection
EndProject
Project("{2150E333-8FDC-42A3-9474-1A3956D46DE8}") = "blank", "blank", "{72BC0AA4-50AF-4FB3-8214-ED2741EE3B4F}"
EndProject
Project("{9A19103F-16F7-4668-BE54-9A1E7A4F7556}") = "BlankBlazorApp", "BlankBlazorApp\BlankBlazorApp\BlankBlazorApp.csproj", "{ECE40D98-9F71-457B-85A8-4E4F70A34662}"
EndProject
Project("{9A19103F-16F7-4668-BE54-9A1E7A4F7556}") = "BlankBlazorApp.Client", "BlankBlazorApp\BlankBlazorApp.Client\BlankBlazorApp.Client.csproj", "{26EC2CC3-F46D-4D2C-8211-20427D9E07DA}"
EndProject
Project("{9A19103F-16F7-4668-BE54-9A1E7A4F7556}") = "IdentityLib", "IdentityLib\IdentityLib.csproj", "{AEE024B9-57FE-4250-8539-CE4F0EA268BF}"
EndProject
Project("{9A19103F-16F7-4668-BE54-9A1E7A4F7556}") = "BlazorWebLib", "BlazorServerLib\BlazorWebLib.csproj", "{5E3F5D07-1445-4821-B66E-FC84F3FAA120}"
EndProject
Project("{9A19103F-16F7-4668-BE54-9A1E7A4F7556}") = "RemoteCallLib", "RemoteCallLib\RemoteCallLib.csproj", "{AD9A4093-D7DA-4223-977B-EDDCB47C2903}"
EndProject
Project("{9A19103F-16F7-4668-BE54-9A1E7A4F7556}") = "HelpdeskService", "HelpdeskService\HelpdeskService.csproj", "{22770E54-F249-469A-BCD1-2A5C61120FCD}"
EndProject
Project("{9A19103F-16F7-4668-BE54-9A1E7A4F7556}") = "CodegeneratorLib", "CodegeneratorLib\CodegeneratorLib.csproj", "{A7535378-8361-4D80-8D1C-4BB9D06165DA}"
EndProject
Project("{9A19103F-16F7-4668-BE54-9A1E7A4F7556}") = "HtmlGenerator", "..\HtmlGenerator\HtmlGenerator.csproj", "{4A8F6D3B-8C09-4E82-8366-0DB04CBA68D5}"
EndProject
Project("{2150E333-8FDC-42A3-9474-1A3956D46DE8}") = "secrets", "secrets", "{AC947053-95FC-46B4-A464-FB02A72D4441}"
	ProjectSection(SolutionItems) = preProject
		..\secrets\connections-strings.Development.json = ..\secrets\connections-strings.Development.json
		..\secrets\email-conf.Development.json = ..\secrets\email-conf.Development.json
		..\secrets\mongo-conf.json = ..\secrets\mongo-conf.json
		..\secrets\rabbitmq-conf.Development.json = ..\secrets\rabbitmq-conf.Development.json
		..\secrets\telegram-bot.Development.json = ..\secrets\telegram-bot.Development.json
		..\secrets\top-menu.Development.json = ..\secrets\top-menu.Development.json
	EndProjectSection
EndProject
Project("{9A19103F-16F7-4668-BE54-9A1E7A4F7556}") = "CommerceService", "CommerceService\CommerceService.csproj", "{C8B00CC0-BAA6-48E4-9FC3-F89BD4B079C3}"
EndProject
Project("{9A19103F-16F7-4668-BE54-9A1E7A4F7556}") = "ApiRestService", "ApiRestService\ApiRestService.csproj", "{23129EDA-1CBD-4592-9EE6-0A4EC3344DAC}"
EndProject
Project("{2150E333-8FDC-42A3-9474-1A3956D46DE8}") = "services", "services", "{90E71949-5CC1-4E9F-A5F2-DC59078B3849}"
EndProject
Project("{9A19103F-16F7-4668-BE54-9A1E7A4F7556}") = "StorageService", "StorageService\StorageService.csproj", "{05B73FB3-FCCC-4C41-9F80-FEED9D73CF43}"
EndProject
Project("{9A19103F-16F7-4668-BE54-9A1E7A4F7556}") = "ConstructorService", "ConstructorService\ConstructorService.csproj", "{96B0DA02-8148-4F5D-B98C-D12F9B595166}"
EndProject
Project("{9A19103F-16F7-4668-BE54-9A1E7A4F7556}") = "ToolsMauiApp", "ToolsMauiApp\ToolsMauiApp.csproj", "{77DAC5F2-6E00-4C39-87A1-8CB450118360}"
EndProject
Project("{2150E333-8FDC-42A3-9474-1A3956D46DE8}") = "stage", "stage", "{CEF1BB59-528D-4BE0-AF5D-08FBB8C347A8}"
	ProjectSection(SolutionItems) = preProject
		devops\etc\systemd\system\api.app.stage.service = devops\etc\systemd\system\api.app.stage.service
		devops\etc\systemd\system\bus.app.stage.service = devops\etc\systemd\system\bus.app.stage.service
		devops\etc\systemd\system\comm.app.stage.service = devops\etc\systemd\system\comm.app.stage.service
		devops\etc\systemd\system\constructor.app.stage.service = devops\etc\systemd\system\constructor.app.stage.service
		devops\etc\systemd\system\hd.app.stage.service = devops\etc\systemd\system\hd.app.stage.service
		devops\etc\systemd\system\identity.app.stage.service = devops\etc\systemd\system\identity.app.stage.service
		devops\etc\systemd\system\tg.app.stage.service = devops\etc\systemd\system\tg.app.stage.service
		devops\etc\systemd\system\web.app.stage.service = devops\etc\systemd\system\web.app.stage.service
	EndProjectSection
EndProject
Project("{2150E333-8FDC-42A3-9474-1A3956D46DE8}") = "stage", "stage", "{F0BC75F0-8D08-49A1-B328-979660BF1CBA}"
	ProjectSection(SolutionItems) = preProject
		devops\etc\nginx\stage\api.staging.app = devops\etc\nginx\stage\api.staging.app
		devops\etc\nginx\stage\web.staging.app = devops\etc\nginx\stage\web.staging.app
	EndProjectSection
EndProject
Project("{2150E333-8FDC-42A3-9474-1A3956D46DE8}") = "prod", "prod", "{37D5BDC9-3D65-4F6C-BFA4-A5F8C880FC02}"
	ProjectSection(SolutionItems) = preProject
		devops\etc\nginx\api.app = devops\etc\nginx\api.app
		devops\etc\nginx\web.app = devops\etc\nginx\web.app
	EndProjectSection
EndProject
Project("{2150E333-8FDC-42A3-9474-1A3956D46DE8}") = "prod", "prod", "{1B873580-3AB0-498C-B6DC-A7F9ABFE7670}"
	ProjectSection(SolutionItems) = preProject
		devops\etc\systemd\system\api.app.service = devops\etc\systemd\system\api.app.service
		devops\etc\systemd\system\bus.app.service = devops\etc\systemd\system\bus.app.service
		devops\etc\systemd\system\comm.app.service = devops\etc\systemd\system\comm.app.service
		devops\etc\systemd\system\constructor.app.service = devops\etc\systemd\system\constructor.app.service
		devops\etc\systemd\system\hd.app.service = devops\etc\systemd\system\hd.app.service
		devops\etc\systemd\system\identity.app.service = devops\etc\systemd\system\identity.app.service
		devops\etc\systemd\system\tg.app.service = devops\etc\systemd\system\tg.app.service
		devops\etc\systemd\system\web.app.service = devops\etc\systemd\system\web.app.service
	EndProjectSection
EndProject
Project("{2150E333-8FDC-42A3-9474-1A3956D46DE8}") = "mmd", "mmd", "{F23783DE-35E0-429C-BD5F-8FA6F7011D33}"
	ProjectSection(SolutionItems) = preProject
		index.mmd = index.mmd
		index.png = index.png
		index.svg = index.svg
	EndProjectSection
EndProject
Project("{FAE04EC0-301F-11D3-BF4B-00C04F79EFBC}") = "IdentityService", "IdentityService\IdentityService.csproj", "{A44C1002-FB5D-4626-B3B3-7E3D50A97E38}"
EndProject
Project("{FAE04EC0-301F-11D3-BF4B-00C04F79EFBC}") = "DesignerApp.AppHost", "DesignerApp.AppHost\DesignerApp.AppHost.csproj", "{D1A9DC55-90EF-4B01-AE96-189C19ADE9B4}"
EndProject
Project("{FAE04EC0-301F-11D3-BF4B-00C04F79EFBC}") = "DesignerApp.ServiceDefaults", "DesignerApp.ServiceDefaults\DesignerApp.ServiceDefaults.csproj", "{D2DBA6AF-E491-4715-B154-907BCCA05066}"
EndProject
Project("{FAE04EC0-301F-11D3-BF4B-00C04F79EFBC}") = "TelegramBotService", "TelegramBotService\TelegramBotService.csproj", "{26000A47-6D72-4CC1-9003-A6B09E829878}"
EndProject
Global
	GlobalSection(SolutionConfigurationPlatforms) = preSolution
		Debug|Any CPU = Debug|Any CPU
		Release|Any CPU = Release|Any CPU
	EndGlobalSection
	GlobalSection(ProjectConfigurationPlatforms) = postSolution
		{E8B758F1-FDF8-44E6-B04F-2912DC238238}.Debug|Any CPU.ActiveCfg = Debug|Any CPU
		{E8B758F1-FDF8-44E6-B04F-2912DC238238}.Debug|Any CPU.Build.0 = Debug|Any CPU
		{E8B758F1-FDF8-44E6-B04F-2912DC238238}.Release|Any CPU.ActiveCfg = Release|Any CPU
		{E8B758F1-FDF8-44E6-B04F-2912DC238238}.Release|Any CPU.Build.0 = Release|Any CPU
		{F3DED3A4-1D8A-41FF-B72E-511B7C5B345D}.Debug|Any CPU.ActiveCfg = Debug|Any CPU
		{F3DED3A4-1D8A-41FF-B72E-511B7C5B345D}.Debug|Any CPU.Build.0 = Debug|Any CPU
		{F3DED3A4-1D8A-41FF-B72E-511B7C5B345D}.Release|Any CPU.ActiveCfg = Release|Any CPU
		{F3DED3A4-1D8A-41FF-B72E-511B7C5B345D}.Release|Any CPU.Build.0 = Release|Any CPU
		{E13B2109-1772-4910-A60C-653C82CC0708}.Debug|Any CPU.ActiveCfg = Debug|Any CPU
		{E13B2109-1772-4910-A60C-653C82CC0708}.Debug|Any CPU.Build.0 = Debug|Any CPU
		{E13B2109-1772-4910-A60C-653C82CC0708}.Release|Any CPU.ActiveCfg = Release|Any CPU
		{E13B2109-1772-4910-A60C-653C82CC0708}.Release|Any CPU.Build.0 = Release|Any CPU
		{32C27EE1-BA3D-4F97-8B3A-B81E57337460}.Debug|Any CPU.ActiveCfg = Debug|Any CPU
		{32C27EE1-BA3D-4F97-8B3A-B81E57337460}.Debug|Any CPU.Build.0 = Debug|Any CPU
		{32C27EE1-BA3D-4F97-8B3A-B81E57337460}.Release|Any CPU.ActiveCfg = Release|Any CPU
		{32C27EE1-BA3D-4F97-8B3A-B81E57337460}.Release|Any CPU.Build.0 = Release|Any CPU
		{A5AEC9D8-C5D8-4928-B009-48441612C9CF}.Debug|Any CPU.ActiveCfg = Debug|Any CPU
		{A5AEC9D8-C5D8-4928-B009-48441612C9CF}.Debug|Any CPU.Build.0 = Debug|Any CPU
		{A5AEC9D8-C5D8-4928-B009-48441612C9CF}.Release|Any CPU.ActiveCfg = Release|Any CPU
		{A5AEC9D8-C5D8-4928-B009-48441612C9CF}.Release|Any CPU.Build.0 = Release|Any CPU
		{A9674BF1-E0C3-4BB0-B52D-6D328794FC0A}.Debug|Any CPU.ActiveCfg = Debug|Any CPU
		{A9674BF1-E0C3-4BB0-B52D-6D328794FC0A}.Debug|Any CPU.Build.0 = Debug|Any CPU
		{A9674BF1-E0C3-4BB0-B52D-6D328794FC0A}.Release|Any CPU.ActiveCfg = Release|Any CPU
		{A9674BF1-E0C3-4BB0-B52D-6D328794FC0A}.Release|Any CPU.Build.0 = Release|Any CPU
		{71147B04-97A2-4357-9878-56A4ABCE5833}.Debug|Any CPU.ActiveCfg = Debug|Any CPU
		{71147B04-97A2-4357-9878-56A4ABCE5833}.Debug|Any CPU.Build.0 = Debug|Any CPU
		{71147B04-97A2-4357-9878-56A4ABCE5833}.Release|Any CPU.ActiveCfg = Release|Any CPU
		{71147B04-97A2-4357-9878-56A4ABCE5833}.Release|Any CPU.Build.0 = Release|Any CPU
		{ECE40D98-9F71-457B-85A8-4E4F70A34662}.Debug|Any CPU.ActiveCfg = Debug|Any CPU
		{ECE40D98-9F71-457B-85A8-4E4F70A34662}.Debug|Any CPU.Build.0 = Debug|Any CPU
		{ECE40D98-9F71-457B-85A8-4E4F70A34662}.Release|Any CPU.ActiveCfg = Release|Any CPU
		{ECE40D98-9F71-457B-85A8-4E4F70A34662}.Release|Any CPU.Build.0 = Release|Any CPU
		{26EC2CC3-F46D-4D2C-8211-20427D9E07DA}.Debug|Any CPU.ActiveCfg = Debug|Any CPU
		{26EC2CC3-F46D-4D2C-8211-20427D9E07DA}.Debug|Any CPU.Build.0 = Debug|Any CPU
		{26EC2CC3-F46D-4D2C-8211-20427D9E07DA}.Release|Any CPU.ActiveCfg = Release|Any CPU
		{26EC2CC3-F46D-4D2C-8211-20427D9E07DA}.Release|Any CPU.Build.0 = Release|Any CPU
		{AEE024B9-57FE-4250-8539-CE4F0EA268BF}.Debug|Any CPU.ActiveCfg = Debug|Any CPU
		{AEE024B9-57FE-4250-8539-CE4F0EA268BF}.Debug|Any CPU.Build.0 = Debug|Any CPU
		{AEE024B9-57FE-4250-8539-CE4F0EA268BF}.Release|Any CPU.ActiveCfg = Release|Any CPU
		{AEE024B9-57FE-4250-8539-CE4F0EA268BF}.Release|Any CPU.Build.0 = Release|Any CPU
		{5E3F5D07-1445-4821-B66E-FC84F3FAA120}.Debug|Any CPU.ActiveCfg = Debug|Any CPU
		{5E3F5D07-1445-4821-B66E-FC84F3FAA120}.Debug|Any CPU.Build.0 = Debug|Any CPU
		{5E3F5D07-1445-4821-B66E-FC84F3FAA120}.Release|Any CPU.ActiveCfg = Release|Any CPU
		{5E3F5D07-1445-4821-B66E-FC84F3FAA120}.Release|Any CPU.Build.0 = Release|Any CPU
		{AD9A4093-D7DA-4223-977B-EDDCB47C2903}.Debug|Any CPU.ActiveCfg = Debug|Any CPU
		{AD9A4093-D7DA-4223-977B-EDDCB47C2903}.Debug|Any CPU.Build.0 = Debug|Any CPU
		{AD9A4093-D7DA-4223-977B-EDDCB47C2903}.Release|Any CPU.ActiveCfg = Release|Any CPU
		{AD9A4093-D7DA-4223-977B-EDDCB47C2903}.Release|Any CPU.Build.0 = Release|Any CPU
		{22770E54-F249-469A-BCD1-2A5C61120FCD}.Debug|Any CPU.ActiveCfg = Debug|Any CPU
		{22770E54-F249-469A-BCD1-2A5C61120FCD}.Debug|Any CPU.Build.0 = Debug|Any CPU
		{22770E54-F249-469A-BCD1-2A5C61120FCD}.Release|Any CPU.ActiveCfg = Release|Any CPU
		{22770E54-F249-469A-BCD1-2A5C61120FCD}.Release|Any CPU.Build.0 = Release|Any CPU
		{A7535378-8361-4D80-8D1C-4BB9D06165DA}.Debug|Any CPU.ActiveCfg = Debug|Any CPU
		{A7535378-8361-4D80-8D1C-4BB9D06165DA}.Debug|Any CPU.Build.0 = Debug|Any CPU
		{A7535378-8361-4D80-8D1C-4BB9D06165DA}.Release|Any CPU.ActiveCfg = Release|Any CPU
		{A7535378-8361-4D80-8D1C-4BB9D06165DA}.Release|Any CPU.Build.0 = Release|Any CPU
		{4A8F6D3B-8C09-4E82-8366-0DB04CBA68D5}.Debug|Any CPU.ActiveCfg = Debug|Any CPU
		{4A8F6D3B-8C09-4E82-8366-0DB04CBA68D5}.Debug|Any CPU.Build.0 = Debug|Any CPU
		{4A8F6D3B-8C09-4E82-8366-0DB04CBA68D5}.Release|Any CPU.ActiveCfg = Release|Any CPU
		{4A8F6D3B-8C09-4E82-8366-0DB04CBA68D5}.Release|Any CPU.Build.0 = Release|Any CPU
		{C8B00CC0-BAA6-48E4-9FC3-F89BD4B079C3}.Debug|Any CPU.ActiveCfg = Debug|Any CPU
		{C8B00CC0-BAA6-48E4-9FC3-F89BD4B079C3}.Debug|Any CPU.Build.0 = Debug|Any CPU
		{C8B00CC0-BAA6-48E4-9FC3-F89BD4B079C3}.Release|Any CPU.ActiveCfg = Release|Any CPU
		{C8B00CC0-BAA6-48E4-9FC3-F89BD4B079C3}.Release|Any CPU.Build.0 = Release|Any CPU
		{23129EDA-1CBD-4592-9EE6-0A4EC3344DAC}.Debug|Any CPU.ActiveCfg = Debug|Any CPU
		{23129EDA-1CBD-4592-9EE6-0A4EC3344DAC}.Debug|Any CPU.Build.0 = Debug|Any CPU
		{23129EDA-1CBD-4592-9EE6-0A4EC3344DAC}.Release|Any CPU.ActiveCfg = Release|Any CPU
		{23129EDA-1CBD-4592-9EE6-0A4EC3344DAC}.Release|Any CPU.Build.0 = Release|Any CPU
		{05B73FB3-FCCC-4C41-9F80-FEED9D73CF43}.Debug|Any CPU.ActiveCfg = Debug|Any CPU
		{05B73FB3-FCCC-4C41-9F80-FEED9D73CF43}.Debug|Any CPU.Build.0 = Debug|Any CPU
		{05B73FB3-FCCC-4C41-9F80-FEED9D73CF43}.Release|Any CPU.ActiveCfg = Release|Any CPU
		{05B73FB3-FCCC-4C41-9F80-FEED9D73CF43}.Release|Any CPU.Build.0 = Release|Any CPU
		{96B0DA02-8148-4F5D-B98C-D12F9B595166}.Debug|Any CPU.ActiveCfg = Debug|Any CPU
		{96B0DA02-8148-4F5D-B98C-D12F9B595166}.Debug|Any CPU.Build.0 = Debug|Any CPU
		{96B0DA02-8148-4F5D-B98C-D12F9B595166}.Release|Any CPU.ActiveCfg = Release|Any CPU
		{96B0DA02-8148-4F5D-B98C-D12F9B595166}.Release|Any CPU.Build.0 = Release|Any CPU
		{77DAC5F2-6E00-4C39-87A1-8CB450118360}.Debug|Any CPU.ActiveCfg = Debug|Any CPU
		{77DAC5F2-6E00-4C39-87A1-8CB450118360}.Debug|Any CPU.Build.0 = Debug|Any CPU
		{77DAC5F2-6E00-4C39-87A1-8CB450118360}.Debug|Any CPU.Deploy.0 = Debug|Any CPU
		{77DAC5F2-6E00-4C39-87A1-8CB450118360}.Release|Any CPU.ActiveCfg = Release|Any CPU
		{77DAC5F2-6E00-4C39-87A1-8CB450118360}.Release|Any CPU.Build.0 = Release|Any CPU
		{77DAC5F2-6E00-4C39-87A1-8CB450118360}.Release|Any CPU.Deploy.0 = Release|Any CPU
		{A44C1002-FB5D-4626-B3B3-7E3D50A97E38}.Debug|Any CPU.ActiveCfg = Debug|Any CPU
		{A44C1002-FB5D-4626-B3B3-7E3D50A97E38}.Debug|Any CPU.Build.0 = Debug|Any CPU
		{A44C1002-FB5D-4626-B3B3-7E3D50A97E38}.Release|Any CPU.ActiveCfg = Release|Any CPU
		{A44C1002-FB5D-4626-B3B3-7E3D50A97E38}.Release|Any CPU.Build.0 = Release|Any CPU
		{D1A9DC55-90EF-4B01-AE96-189C19ADE9B4}.Debug|Any CPU.ActiveCfg = Debug|Any CPU
		{D1A9DC55-90EF-4B01-AE96-189C19ADE9B4}.Debug|Any CPU.Build.0 = Debug|Any CPU
		{D1A9DC55-90EF-4B01-AE96-189C19ADE9B4}.Release|Any CPU.ActiveCfg = Release|Any CPU
		{D1A9DC55-90EF-4B01-AE96-189C19ADE9B4}.Release|Any CPU.Build.0 = Release|Any CPU
		{D2DBA6AF-E491-4715-B154-907BCCA05066}.Debug|Any CPU.ActiveCfg = Debug|Any CPU
		{D2DBA6AF-E491-4715-B154-907BCCA05066}.Debug|Any CPU.Build.0 = Debug|Any CPU
		{D2DBA6AF-E491-4715-B154-907BCCA05066}.Release|Any CPU.ActiveCfg = Release|Any CPU
		{D2DBA6AF-E491-4715-B154-907BCCA05066}.Release|Any CPU.Build.0 = Release|Any CPU
		{26000A47-6D72-4CC1-9003-A6B09E829878}.Debug|Any CPU.ActiveCfg = Debug|Any CPU
		{26000A47-6D72-4CC1-9003-A6B09E829878}.Debug|Any CPU.Build.0 = Debug|Any CPU
		{26000A47-6D72-4CC1-9003-A6B09E829878}.Release|Any CPU.ActiveCfg = Release|Any CPU
		{26000A47-6D72-4CC1-9003-A6B09E829878}.Release|Any CPU.Build.0 = Release|Any CPU
	EndGlobalSection
	GlobalSection(SolutionProperties) = preSolution
		HideSolutionNode = FALSE
	EndGlobalSection
	GlobalSection(NestedProjects) = preSolution
		{E8B758F1-FDF8-44E6-B04F-2912DC238238} = {A742CC61-7E6F-472B-AAA9-0F34B1375CF2}
		{F3DED3A4-1D8A-41FF-B72E-511B7C5B345D} = {A742CC61-7E6F-472B-AAA9-0F34B1375CF2}
		{E13B2109-1772-4910-A60C-653C82CC0708} = {A742CC61-7E6F-472B-AAA9-0F34B1375CF2}
		{E04CC5BC-B3BE-4B56-B9B6-AC6CCEA84869} = {A742CC61-7E6F-472B-AAA9-0F34B1375CF2}
		{C3E40450-DE03-48A7-A64C-DCD057EB5855} = {E04CC5BC-B3BE-4B56-B9B6-AC6CCEA84869}
		{32C27EE1-BA3D-4F97-8B3A-B81E57337460} = {C3E40450-DE03-48A7-A64C-DCD057EB5855}
		{A5AEC9D8-C5D8-4928-B009-48441612C9CF} = {C3E40450-DE03-48A7-A64C-DCD057EB5855}
		{A9674BF1-E0C3-4BB0-B52D-6D328794FC0A} = {C3E40450-DE03-48A7-A64C-DCD057EB5855}
		{71147B04-97A2-4357-9878-56A4ABCE5833} = {E04CC5BC-B3BE-4B56-B9B6-AC6CCEA84869}
		{3A274B5F-119F-42F2-8196-25F7ABADDFBD} = {13C283FD-FD28-4E44-9F5F-4B3CC1FEF8EB}
		{9C0D49D9-C7B9-4960-AF82-361448F4965A} = {3A274B5F-119F-42F2-8196-25F7ABADDFBD}
		{A7D9597F-4160-4A52-ADBD-078CFB815FA7} = {9C0D49D9-C7B9-4960-AF82-361448F4965A}
		{5B966126-26F6-4699-92C7-1F1A582A7EE3} = {9C0D49D9-C7B9-4960-AF82-361448F4965A}
		{ECE40D98-9F71-457B-85A8-4E4F70A34662} = {72BC0AA4-50AF-4FB3-8214-ED2741EE3B4F}
		{26EC2CC3-F46D-4D2C-8211-20427D9E07DA} = {72BC0AA4-50AF-4FB3-8214-ED2741EE3B4F}
		{AEE024B9-57FE-4250-8539-CE4F0EA268BF} = {A742CC61-7E6F-472B-AAA9-0F34B1375CF2}
		{5E3F5D07-1445-4821-B66E-FC84F3FAA120} = {A742CC61-7E6F-472B-AAA9-0F34B1375CF2}
		{AD9A4093-D7DA-4223-977B-EDDCB47C2903} = {A742CC61-7E6F-472B-AAA9-0F34B1375CF2}
		{22770E54-F249-469A-BCD1-2A5C61120FCD} = {90E71949-5CC1-4E9F-A5F2-DC59078B3849}
		{A7535378-8361-4D80-8D1C-4BB9D06165DA} = {A742CC61-7E6F-472B-AAA9-0F34B1375CF2}
		{AC947053-95FC-46B4-A464-FB02A72D4441} = {13C283FD-FD28-4E44-9F5F-4B3CC1FEF8EB}
		{C8B00CC0-BAA6-48E4-9FC3-F89BD4B079C3} = {90E71949-5CC1-4E9F-A5F2-DC59078B3849}
		{23129EDA-1CBD-4592-9EE6-0A4EC3344DAC} = {90E71949-5CC1-4E9F-A5F2-DC59078B3849}
		{05B73FB3-FCCC-4C41-9F80-FEED9D73CF43} = {90E71949-5CC1-4E9F-A5F2-DC59078B3849}
		{96B0DA02-8148-4F5D-B98C-D12F9B595166} = {90E71949-5CC1-4E9F-A5F2-DC59078B3849}
		{CEF1BB59-528D-4BE0-AF5D-08FBB8C347A8} = {5B966126-26F6-4699-92C7-1F1A582A7EE3}
		{F0BC75F0-8D08-49A1-B328-979660BF1CBA} = {A7D9597F-4160-4A52-ADBD-078CFB815FA7}
		{37D5BDC9-3D65-4F6C-BFA4-A5F8C880FC02} = {A7D9597F-4160-4A52-ADBD-078CFB815FA7}
		{1B873580-3AB0-498C-B6DC-A7F9ABFE7670} = {5B966126-26F6-4699-92C7-1F1A582A7EE3}
		{F23783DE-35E0-429C-BD5F-8FA6F7011D33} = {13C283FD-FD28-4E44-9F5F-4B3CC1FEF8EB}
		{A44C1002-FB5D-4626-B3B3-7E3D50A97E38} = {90E71949-5CC1-4E9F-A5F2-DC59078B3849}
		{26000A47-6D72-4CC1-9003-A6B09E829878} = {90E71949-5CC1-4E9F-A5F2-DC59078B3849}
	EndGlobalSection
	GlobalSection(ExtensibilityGlobals) = postSolution
		SolutionGuid = {DBB18C2F-86F0-40C9-B9ED-1CA9D03EDDE3}
	EndGlobalSection
EndGlobal
